
Microsoft Visual Studio Solution File, Format Version 12.00
# Visual Studio Version 17
VisualStudioVersion = 17.9.34607.119
MinimumVisualStudioVersion = 10.0.40219.1
Project("{8BC9CEB8-8B4A-11D0-8D11-00A0C91BC942}") = "no-unique-addr-bug", "no-unique-addr-bug.vcxproj", "{95268C62-769E-4817-AC58-7C4BAD6F2E6D}"
EndProject
Global
	GlobalSection(SolutionConfigurationPlatforms) = preSolution
		Debug|x64 = Debug|x64
		Debug|x86 = Debug|x86
		Release|x64 = Release|x64
		Release|x86 = Release|x86
	EndGlobalSection
	GlobalSection(ProjectConfigurationPlatforms) = postSolution
		{95268C62-769E-4817-AC58-7C4BAD6F2E6D}.Debug|x64.ActiveCfg = Debug|x64
		{95268C62-769E-4817-AC58-7C4BAD6F2E6D}.Debug|x64.Build.0 = Debug|x64
		{95268C62-769E-4817-AC58-7C4BAD6F2E6D}.Debug|x86.ActiveCfg = Debug|Win32
		{95268C62-769E-4817-AC58-7C4BAD6F2E6D}.Debug|x86.Build.0 = Debug|Win32
		{95268C62-769E-4817-AC58-7C4BAD6F2E6D}.Release|x64.ActiveCfg = Release|x64
		{95268C62-769E-4817-AC58-7C4BAD6F2E6D}.Release|x64.Build.0 = Release|x64
		{95268C62-769E-4817-AC58-7C4BAD6F2E6D}.Release|x86.ActiveCfg = Release|Win32
		{95268C62-769E-4817-AC58-7C4BAD6F2E6D}.Release|x86.Build.0 = Release|Win32
	EndGlobalSection
	GlobalSection(SolutionProperties) = preSolution
		HideSolutionNode = FALSE
	EndGlobalSection
	GlobalSection(ExtensibilityGlobals) = postSolution
		SolutionGuid = {6043D623-876D-449D-9B27-90BDB7FAB14F}
	EndGlobalSection
EndGlobal
